
Microsoft Visual Studio Solution File, Format Version 12.00
# Visual Studio Version 17
VisualStudioVersion = 17.8.34525.116
MinimumVisualStudioVersion = 10.0.40219.1
Project("{9A19103F-16F7-4668-BE54-9A1E7A4F7556}") = "Workaround", "Course\Workaround.csproj", "{2ABB148E-17E2-4D1C-AF39-C9CBB2EFF997}"
EndProject
Project("{FAE04EC0-301F-11D3-BF4B-00C04F79EFBC}") = "Entities", "Entities\Entities.csproj", "{482E4475-716B-4A6E-BB98-C7F18195D9A3}"
EndProject
Project("{FAE04EC0-301F-11D3-BF4B-00C04F79EFBC}") = "Businnes", "Businnes\Businnes.csproj", "{CCA27CD7-5684-4F34-8769-5D5A8CE24488}"
EndProject
Global
	GlobalSection(SolutionConfigurationPlatforms) = preSolution
		Debug|Any CPU = Debug|Any CPU
		Release|Any CPU = Release|Any CPU
	EndGlobalSection
	GlobalSection(ProjectConfigurationPlatforms) = postSolution
		{2ABB148E-17E2-4D1C-AF39-C9CBB2EFF997}.Debug|Any CPU.ActiveCfg = Debug|Any CPU
		{2ABB148E-17E2-4D1C-AF39-C9CBB2EFF997}.Debug|Any CPU.Build.0 = Debug|Any CPU
		{2ABB148E-17E2-4D1C-AF39-C9CBB2EFF997}.Release|Any CPU.ActiveCfg = Release|Any CPU
		{2ABB148E-17E2-4D1C-AF39-C9CBB2EFF997}.Release|Any CPU.Build.0 = Release|Any CPU
		{482E4475-716B-4A6E-BB98-C7F18195D9A3}.Debug|Any CPU.ActiveCfg = Debug|Any CPU
		{482E4475-716B-4A6E-BB98-C7F18195D9A3}.Debug|Any CPU.Build.0 = Debug|Any CPU
		{482E4475-716B-4A6E-BB98-C7F18195D9A3}.Release|Any CPU.ActiveCfg = Release|Any CPU
		{482E4475-716B-4A6E-BB98-C7F18195D9A3}.Release|Any CPU.Build.0 = Release|Any CPU
		{CCA27CD7-5684-4F34-8769-5D5A8CE24488}.Debug|Any CPU.ActiveCfg = Debug|Any CPU
		{CCA27CD7-5684-4F34-8769-5D5A8CE24488}.Debug|Any CPU.Build.0 = Debug|Any CPU
		{CCA27CD7-5684-4F34-8769-5D5A8CE24488}.Release|Any CPU.ActiveCfg = Release|Any CPU
		{CCA27CD7-5684-4F34-8769-5D5A8CE24488}.Release|Any CPU.Build.0 = Release|Any CPU
	EndGlobalSection
	GlobalSection(SolutionProperties) = preSolution
		HideSolutionNode = FALSE
	EndGlobalSection
	GlobalSection(ExtensibilityGlobals) = postSolution
		SolutionGuid = {C474822A-39D9-4AE8-888B-E06AB8367E4C}
	EndGlobalSection
EndGlobal
